{
  "name": "simple",
  "version": "1.0.0",
  "lockfileVersion": 3,
  "requires": true,
  "packages": {
    "": {
      "name": "simple",
      "version": "1.0.0",
      "dependencies": {
        "tantivy": "../..",
        "utils": "../utils"
      }
    },
    "../..": {
      "version": "0.1.0",
      "license": "MIT",
      "dependencies": {
        "@neon-rs/load": "^0.1.82"
      },
      "devDependencies": {
        "@neon-rs/cli": "^0.1.82",
        "@tsconfig/node20": "^20.1.4",
        "@types/node": "^20.11.16",
        "typescript": "^5.3.3"
      }
    },
    "../utils": {
      "version": "1.0.0"
    },
    "../utils.mjs": {
      "extraneous": true
    },
    "node_modules/tantivy": {
      "resolved": "../..",
      "link": true
    },
    "node_modules/utils": {
      "resolved": "../utils",
      "link": true
    }
  }
}
